
Microsoft Visual Studio Solution File, Format Version 12.00
# Visual Studio 15
VisualStudioVersion = 15.0.28307.421
MinimumVisualStudioVersion = 10.0.40219.1
Project("{FAE04EC0-301F-11D3-BF4B-00C04F79EFBC}") = "AsbAbandonExample", "AsbAbandonExample\AsbAbandonExample.csproj", "{16367ECC-F788-46EF-BB48-BC653A942437}"
EndProject
Global
	GlobalSection(SolutionConfigurationPlatforms) = preSolution
		Debug|Any CPU = Debug|Any CPU
		Release|Any CPU = Release|Any CPU
	EndGlobalSection
	GlobalSection(ProjectConfigurationPlatforms) = postSolution
		{16367ECC-F788-46EF-BB48-BC653A942437}.Debug|Any CPU.ActiveCfg = Debug|Any CPU
		{16367ECC-F788-46EF-BB48-BC653A942437}.Debug|Any CPU.Build.0 = Debug|Any CPU
		{16367ECC-F788-46EF-BB48-BC653A942437}.Release|Any CPU.ActiveCfg = Release|Any CPU
		{16367ECC-F788-46EF-BB48-BC653A942437}.Release|Any CPU.Build.0 = Release|Any CPU
	EndGlobalSection
	GlobalSection(SolutionProperties) = preSolution
		HideSolutionNode = FALSE
	EndGlobalSection
	GlobalSection(ExtensibilityGlobals) = postSolution
		SolutionGuid = {4E190C4E-2244-42EF-9CD5-B4FAD04813F5}
	EndGlobalSection
EndGlobal
